
Microsoft Visual Studio Solution File, Format Version 12.00
# Visual Studio 15
VisualStudioVersion = 15.0.28307.489
MinimumVisualStudioVersion = 10.0.40219.1
Project("{FAE04EC0-301F-11D3-BF4B-00C04F79EFBC}") = "Astrology Project", "Astrology Project\Astrology Project.csproj", "{505FC4B4-23A4-43DA-8EBA-9B2608C8412C}"
EndProject
Global
	GlobalSection(SolutionConfigurationPlatforms) = preSolution
		Debug|Any CPU = Debug|Any CPU
		Release|Any CPU = Release|Any CPU
	EndGlobalSection
	GlobalSection(ProjectConfigurationPlatforms) = postSolution
		{505FC4B4-23A4-43DA-8EBA-9B2608C8412C}.Debug|Any CPU.ActiveCfg = Debug|Any CPU
		{505FC4B4-23A4-43DA-8EBA-9B2608C8412C}.Debug|Any CPU.Build.0 = Debug|Any CPU
		{505FC4B4-23A4-43DA-8EBA-9B2608C8412C}.Release|Any CPU.ActiveCfg = Release|Any CPU
		{505FC4B4-23A4-43DA-8EBA-9B2608C8412C}.Release|Any CPU.Build.0 = Release|Any CPU
	EndGlobalSection
	GlobalSection(SolutionProperties) = preSolution
		HideSolutionNode = FALSE
	EndGlobalSection
	GlobalSection(ExtensibilityGlobals) = postSolution
		SolutionGuid = {D764020C-D398-411D-8979-4C0920B0F89E}
	EndGlobalSection
EndGlobal
